
Microsoft Visual Studio Solution File, Format Version 12.00
# Visual Studio Version 16
VisualStudioVersion = 16.0.32106.194
MinimumVisualStudioVersion = 10.0.40219.1
Project("{FAE04EC0-301F-11D3-BF4B-00C04F79EFBC}") = "SmallestElement.Test", "SmallestElement.Test\SmallestElement.Test.csproj", "{FD70B854-72DF-4F6B-830C-7C455AB8C7AE}"
EndProject
Project("{FAE04EC0-301F-11D3-BF4B-00C04F79EFBC}") = "SmallestElement.UI", "SmallestElement.Core\SmallestElement.UI.csproj", "{56548ED0-64DD-4C1B-99AF-441D52F982B1}"
EndProject
Project("{FAE04EC0-301F-11D3-BF4B-00C04F79EFBC}") = "SmallestElement.Core", "SmallestElement.UI\SmallestElement.Core.csproj", "{EB4413A9-8E69-46A8-8537-A65611FA4F0D}"
EndProject
Global
	GlobalSection(SolutionConfigurationPlatforms) = preSolution
		Debug|Any CPU = Debug|Any CPU
		Release|Any CPU = Release|Any CPU
	EndGlobalSection
	GlobalSection(ProjectConfigurationPlatforms) = postSolution
		{FD70B854-72DF-4F6B-830C-7C455AB8C7AE}.Debug|Any CPU.ActiveCfg = Debug|Any CPU
		{FD70B854-72DF-4F6B-830C-7C455AB8C7AE}.Debug|Any CPU.Build.0 = Debug|Any CPU
		{FD70B854-72DF-4F6B-830C-7C455AB8C7AE}.Release|Any CPU.ActiveCfg = Release|Any CPU
		{FD70B854-72DF-4F6B-830C-7C455AB8C7AE}.Release|Any CPU.Build.0 = Release|Any CPU
		{56548ED0-64DD-4C1B-99AF-441D52F982B1}.Debug|Any CPU.ActiveCfg = Debug|Any CPU
		{56548ED0-64DD-4C1B-99AF-441D52F982B1}.Debug|Any CPU.Build.0 = Debug|Any CPU
		{56548ED0-64DD-4C1B-99AF-441D52F982B1}.Release|Any CPU.ActiveCfg = Release|Any CPU
		{56548ED0-64DD-4C1B-99AF-441D52F982B1}.Release|Any CPU.Build.0 = Release|Any CPU
		{EB4413A9-8E69-46A8-8537-A65611FA4F0D}.Debug|Any CPU.ActiveCfg = Debug|Any CPU
		{EB4413A9-8E69-46A8-8537-A65611FA4F0D}.Debug|Any CPU.Build.0 = Debug|Any CPU
		{EB4413A9-8E69-46A8-8537-A65611FA4F0D}.Release|Any CPU.ActiveCfg = Release|Any CPU
		{EB4413A9-8E69-46A8-8537-A65611FA4F0D}.Release|Any CPU.Build.0 = Release|Any CPU
	EndGlobalSection
	GlobalSection(SolutionProperties) = preSolution
		HideSolutionNode = FALSE
	EndGlobalSection
	GlobalSection(ExtensibilityGlobals) = postSolution
		SolutionGuid = {88E65E46-C567-4A71-B62B-4685C1A09C46}
	EndGlobalSection
EndGlobal
