
Microsoft Visual Studio Solution File, Format Version 12.00
# Visual Studio Version 16
VisualStudioVersion = 16.0.32106.194
MinimumVisualStudioVersion = 10.0.40219.1
Project("{FAE04EC0-301F-11D3-BF4B-00C04F79EFBC}") = "Cursor", "Iterator\Cursor.csproj", "{B0A4042B-1B81-4ECB-8F4D-B62CBAF944D2}"
EndProject
Project("{FAE04EC0-301F-11D3-BF4B-00C04F79EFBC}") = "Memento", "Memento\Memento.csproj", "{F61E7EDA-EE11-4A50-80B2-D623E1AB530C}"
EndProject
Project("{FAE04EC0-301F-11D3-BF4B-00C04F79EFBC}") = "ChainOfResponsibility", "ChainOfResponsibility\ChainOfResponsibility.csproj", "{F5E05297-11DD-4D6F-9C05-0E8D29FB7567}"
EndProject
Global
	GlobalSection(SolutionConfigurationPlatforms) = preSolution
		Debug|Any CPU = Debug|Any CPU
		Release|Any CPU = Release|Any CPU
	EndGlobalSection
	GlobalSection(ProjectConfigurationPlatforms) = postSolution
		{B0A4042B-1B81-4ECB-8F4D-B62CBAF944D2}.Debug|Any CPU.ActiveCfg = Debug|Any CPU
		{B0A4042B-1B81-4ECB-8F4D-B62CBAF944D2}.Debug|Any CPU.Build.0 = Debug|Any CPU
		{B0A4042B-1B81-4ECB-8F4D-B62CBAF944D2}.Release|Any CPU.ActiveCfg = Release|Any CPU
		{B0A4042B-1B81-4ECB-8F4D-B62CBAF944D2}.Release|Any CPU.Build.0 = Release|Any CPU
		{F61E7EDA-EE11-4A50-80B2-D623E1AB530C}.Debug|Any CPU.ActiveCfg = Debug|Any CPU
		{F61E7EDA-EE11-4A50-80B2-D623E1AB530C}.Debug|Any CPU.Build.0 = Debug|Any CPU
		{F61E7EDA-EE11-4A50-80B2-D623E1AB530C}.Release|Any CPU.ActiveCfg = Release|Any CPU
		{F61E7EDA-EE11-4A50-80B2-D623E1AB530C}.Release|Any CPU.Build.0 = Release|Any CPU
		{F5E05297-11DD-4D6F-9C05-0E8D29FB7567}.Debug|Any CPU.ActiveCfg = Debug|Any CPU
		{F5E05297-11DD-4D6F-9C05-0E8D29FB7567}.Debug|Any CPU.Build.0 = Debug|Any CPU
		{F5E05297-11DD-4D6F-9C05-0E8D29FB7567}.Release|Any CPU.ActiveCfg = Release|Any CPU
		{F5E05297-11DD-4D6F-9C05-0E8D29FB7567}.Release|Any CPU.Build.0 = Release|Any CPU
	EndGlobalSection
	GlobalSection(SolutionProperties) = preSolution
		HideSolutionNode = FALSE
	EndGlobalSection
	GlobalSection(ExtensibilityGlobals) = postSolution
		SolutionGuid = {A586974F-B4AC-4F5B-A6CF-6691B9A0E8F7}
	EndGlobalSection
EndGlobal
